
Microsoft Visual Studio Solution File, Format Version 12.00
# Visual Studio Version 17
VisualStudioVersion = 17.4.33110.190
MinimumVisualStudioVersion = 10.0.40219.1
Project("{FAE04EC0-301F-11D3-BF4B-00C04F79EFBC}") = "CityInfo.API", "CityInfo.API\CityInfo.API.csproj", "{643831DE-C9AC-47AB-940A-EF1CF68F59F9}"
EndProject
Global
	GlobalSection(SolutionConfigurationPlatforms) = preSolution
		Debug|Any CPU = Debug|Any CPU
		Release|Any CPU = Release|Any CPU
	EndGlobalSection
	GlobalSection(ProjectConfigurationPlatforms) = postSolution
		{643831DE-C9AC-47AB-940A-EF1CF68F59F9}.Debug|Any CPU.ActiveCfg = Debug|Any CPU
		{643831DE-C9AC-47AB-940A-EF1CF68F59F9}.Debug|Any CPU.Build.0 = Debug|Any CPU
		{643831DE-C9AC-47AB-940A-EF1CF68F59F9}.Release|Any CPU.ActiveCfg = Release|Any CPU
		{643831DE-C9AC-47AB-940A-EF1CF68F59F9}.Release|Any CPU.Build.0 = Release|Any CPU
	EndGlobalSection
	GlobalSection(SolutionProperties) = preSolution
		HideSolutionNode = FALSE
	EndGlobalSection
	GlobalSection(ExtensibilityGlobals) = postSolution
		SolutionGuid = {2FE469BA-E3A2-425F-A894-6E5F9FE801DC}
	EndGlobalSection
EndGlobal
